
Microsoft Visual Studio Solution File, Format Version 12.00
# Visual Studio Version 16
VisualStudioVersion = 16.0.31205.134
MinimumVisualStudioVersion = 10.0.40219.1
Project("{9A19103F-16F7-4668-BE54-9A1E7A4F7556}") = "ConsoleAppCcardinal", "ConsoleAppCcardinal\ConsoleAppCcardinal.csproj", "{00741F2B-5806-430C-9471-C7B3F56D53F1}"
EndProject
Project("{9A19103F-16F7-4668-BE54-9A1E7A4F7556}") = "AulaPratica1a", "AulaPratica1a\AulaPratica1a.csproj", "{54A88E2B-DA32-4975-BE64-A7A148C28C41}"
EndProject
Project("{9A19103F-16F7-4668-BE54-9A1E7A4F7556}") = "3stringsMaior", "3stringsMaior\3stringsMaior.csproj", "{8AA1F1C3-081D-491A-A7C8-99F75689244D}"
EndProject
Project("{FAE04EC0-301F-11D3-BF4B-00C04F79EFBC}") = "vectorStringsBoolean", "vectorStringsBoolean\vectorStringsBoolean.csproj", "{16F06393-3F84-46A7-BC4B-0E0F88240644}"
EndProject
Project("{FAE04EC0-301F-11D3-BF4B-00C04F79EFBC}") = "SomaVetorStrings", "SomaVetorStrings\SomaVetorStrings.csproj", "{EAEB0C8E-F97F-4472-891C-2D7378F45D0D}"
EndProject
Project("{FAE04EC0-301F-11D3-BF4B-00C04F79EFBC}") = "vetorStringSubstituiPalavra", "vetorStringSubstituiPalavra\vetorStringSubstituiPalavra.csproj", "{11DFCF03-D254-4C15-9966-87B535433211}"
EndProject
Project("{FAE04EC0-301F-11D3-BF4B-00C04F79EFBC}") = "funcaoStringSubstituiNumeros", "funcaoStringSubstituiNumeros\funcaoStringSubstituiNumeros.csproj", "{EC7165CE-7376-4863-AEAD-0184DF803A2C}"
EndProject
Project("{FAE04EC0-301F-11D3-BF4B-00C04F79EFBC}") = "RetornaStringseNaotiverNrs", "RetornaStringseNaotiverNrs\RetornaStringseNaotiverNrs.csproj", "{BAF83219-7FAC-4B11-A9D4-84D6B3C823FB}"
EndProject
Project("{FAE04EC0-301F-11D3-BF4B-00C04F79EFBC}") = "index0stringcompare", "index0stringcompare\index0stringcompare.csproj", "{C466B7BA-283E-47B5-A875-A0AD8FC3CE36}"
EndProject
Project("{FAE04EC0-301F-11D3-BF4B-00C04F79EFBC}") = "OrdenarVetorAlfabeticamente", "OrdenarVetorAlfabeticamente\OrdenarVetorAlfabeticamente.csproj", "{59C190EA-9200-4F6C-A316-D2BD80E9DBFB}"
EndProject
Project("{FAE04EC0-301F-11D3-BF4B-00C04F79EFBC}") = "jogoAdivinhas", "jogoAdivinhas\jogoAdivinhas.csproj", "{8CB22843-A575-4B6D-A236-C79C3289246F}"
EndProject
Project("{FAE04EC0-301F-11D3-BF4B-00C04F79EFBC}") = "StringPalidromo", "StringPalidromo\StringPalidromo.csproj", "{728783EE-FA85-420B-8093-422D76357A16}"
EndProject
Global
	GlobalSection(SolutionConfigurationPlatforms) = preSolution
		Debug|Any CPU = Debug|Any CPU
		Release|Any CPU = Release|Any CPU
	EndGlobalSection
	GlobalSection(ProjectConfigurationPlatforms) = postSolution
		{00741F2B-5806-430C-9471-C7B3F56D53F1}.Debug|Any CPU.ActiveCfg = Debug|Any CPU
		{00741F2B-5806-430C-9471-C7B3F56D53F1}.Debug|Any CPU.Build.0 = Debug|Any CPU
		{00741F2B-5806-430C-9471-C7B3F56D53F1}.Release|Any CPU.ActiveCfg = Release|Any CPU
		{00741F2B-5806-430C-9471-C7B3F56D53F1}.Release|Any CPU.Build.0 = Release|Any CPU
		{54A88E2B-DA32-4975-BE64-A7A148C28C41}.Debug|Any CPU.ActiveCfg = Debug|Any CPU
		{54A88E2B-DA32-4975-BE64-A7A148C28C41}.Debug|Any CPU.Build.0 = Debug|Any CPU
		{54A88E2B-DA32-4975-BE64-A7A148C28C41}.Release|Any CPU.ActiveCfg = Release|Any CPU
		{54A88E2B-DA32-4975-BE64-A7A148C28C41}.Release|Any CPU.Build.0 = Release|Any CPU
		{8AA1F1C3-081D-491A-A7C8-99F75689244D}.Debug|Any CPU.ActiveCfg = Debug|Any CPU
		{8AA1F1C3-081D-491A-A7C8-99F75689244D}.Debug|Any CPU.Build.0 = Debug|Any CPU
		{8AA1F1C3-081D-491A-A7C8-99F75689244D}.Release|Any CPU.ActiveCfg = Release|Any CPU
		{8AA1F1C3-081D-491A-A7C8-99F75689244D}.Release|Any CPU.Build.0 = Release|Any CPU
		{16F06393-3F84-46A7-BC4B-0E0F88240644}.Debug|Any CPU.ActiveCfg = Debug|Any CPU
		{16F06393-3F84-46A7-BC4B-0E0F88240644}.Debug|Any CPU.Build.0 = Debug|Any CPU
		{16F06393-3F84-46A7-BC4B-0E0F88240644}.Release|Any CPU.ActiveCfg = Release|Any CPU
		{16F06393-3F84-46A7-BC4B-0E0F88240644}.Release|Any CPU.Build.0 = Release|Any CPU
		{EAEB0C8E-F97F-4472-891C-2D7378F45D0D}.Debug|Any CPU.ActiveCfg = Debug|Any CPU
		{EAEB0C8E-F97F-4472-891C-2D7378F45D0D}.Debug|Any CPU.Build.0 = Debug|Any CPU
		{EAEB0C8E-F97F-4472-891C-2D7378F45D0D}.Release|Any CPU.ActiveCfg = Release|Any CPU
		{EAEB0C8E-F97F-4472-891C-2D7378F45D0D}.Release|Any CPU.Build.0 = Release|Any CPU
		{11DFCF03-D254-4C15-9966-87B535433211}.Debug|Any CPU.ActiveCfg = Debug|Any CPU
		{11DFCF03-D254-4C15-9966-87B535433211}.Debug|Any CPU.Build.0 = Debug|Any CPU
		{11DFCF03-D254-4C15-9966-87B535433211}.Release|Any CPU.ActiveCfg = Release|Any CPU
		{11DFCF03-D254-4C15-9966-87B535433211}.Release|Any CPU.Build.0 = Release|Any CPU
		{EC7165CE-7376-4863-AEAD-0184DF803A2C}.Debug|Any CPU.ActiveCfg = Debug|Any CPU
		{EC7165CE-7376-4863-AEAD-0184DF803A2C}.Debug|Any CPU.Build.0 = Debug|Any CPU
		{EC7165CE-7376-4863-AEAD-0184DF803A2C}.Release|Any CPU.ActiveCfg = Release|Any CPU
		{EC7165CE-7376-4863-AEAD-0184DF803A2C}.Release|Any CPU.Build.0 = Release|Any CPU
		{BAF83219-7FAC-4B11-A9D4-84D6B3C823FB}.Debug|Any CPU.ActiveCfg = Debug|Any CPU
		{BAF83219-7FAC-4B11-A9D4-84D6B3C823FB}.Debug|Any CPU.Build.0 = Debug|Any CPU
		{BAF83219-7FAC-4B11-A9D4-84D6B3C823FB}.Release|Any CPU.ActiveCfg = Release|Any CPU
		{BAF83219-7FAC-4B11-A9D4-84D6B3C823FB}.Release|Any CPU.Build.0 = Release|Any CPU
		{C466B7BA-283E-47B5-A875-A0AD8FC3CE36}.Debug|Any CPU.ActiveCfg = Debug|Any CPU
		{C466B7BA-283E-47B5-A875-A0AD8FC3CE36}.Debug|Any CPU.Build.0 = Debug|Any CPU
		{C466B7BA-283E-47B5-A875-A0AD8FC3CE36}.Release|Any CPU.ActiveCfg = Release|Any CPU
		{C466B7BA-283E-47B5-A875-A0AD8FC3CE36}.Release|Any CPU.Build.0 = Release|Any CPU
		{59C190EA-9200-4F6C-A316-D2BD80E9DBFB}.Debug|Any CPU.ActiveCfg = Debug|Any CPU
		{59C190EA-9200-4F6C-A316-D2BD80E9DBFB}.Debug|Any CPU.Build.0 = Debug|Any CPU
		{59C190EA-9200-4F6C-A316-D2BD80E9DBFB}.Release|Any CPU.ActiveCfg = Release|Any CPU
		{59C190EA-9200-4F6C-A316-D2BD80E9DBFB}.Release|Any CPU.Build.0 = Release|Any CPU
		{8CB22843-A575-4B6D-A236-C79C3289246F}.Debug|Any CPU.ActiveCfg = Debug|Any CPU
		{8CB22843-A575-4B6D-A236-C79C3289246F}.Debug|Any CPU.Build.0 = Debug|Any CPU
		{8CB22843-A575-4B6D-A236-C79C3289246F}.Release|Any CPU.ActiveCfg = Release|Any CPU
		{8CB22843-A575-4B6D-A236-C79C3289246F}.Release|Any CPU.Build.0 = Release|Any CPU
		{728783EE-FA85-420B-8093-422D76357A16}.Debug|Any CPU.ActiveCfg = Debug|Any CPU
		{728783EE-FA85-420B-8093-422D76357A16}.Debug|Any CPU.Build.0 = Debug|Any CPU
		{728783EE-FA85-420B-8093-422D76357A16}.Release|Any CPU.ActiveCfg = Release|Any CPU
		{728783EE-FA85-420B-8093-422D76357A16}.Release|Any CPU.Build.0 = Release|Any CPU
	EndGlobalSection
	GlobalSection(SolutionProperties) = preSolution
		HideSolutionNode = FALSE
	EndGlobalSection
	GlobalSection(ExtensibilityGlobals) = postSolution
		SolutionGuid = {6200ABB8-BE14-45E5-A89E-CD5F24D05843}
	EndGlobalSection
EndGlobal
